<?xml version="1.0" encoding="UTF-8"?>
<CONFIG>
  <ProjectOptions>
    <Version Value="12"/>
    <PathDelim Value="\"/>
    <General>
      <Flags>
        <CompatibilityMode Value="True"/>
      </Flags>
      <SessionStorage Value="InProjectDir"/>
      <Title Value="drone"/>
      <ResourceType Value="res"/>
      <UseXPManifest Value="True"/>
    </General>
    <BuildModes Count="1">
      <Item1 Name="Default" Default="True"/>
    </BuildModes>
    <PublishOptions>
      <Version Value="2"/>
    </PublishOptions>
    <RunParams>
      <FormatVersion Value="2"/>
      <Modes Count="1">
        <Mode0 Name="default"/>
      </Modes>
    </RunParams>
    <RequiredPackages Count="15">
      <Item1>
        <PackageName Value="lazMapViewerPkg"/>
      </Item1>
      <Item2>
        <PackageName Value="fpowm"/>
      </Item2>
      <Item3>
        <PackageName Value="lazupdate"/>
      </Item3>
      <Item4>
        <PackageName Value="playwavepackage"/>
      </Item4>
      <Item5>
        <PackageName Value="SdpoSerialLaz"/>
      </Item5>
      <Item6>
        <PackageName Value="LazSerialPort"/>
      </Item6>
      <Item7>
        <PackageName Value="MPlayerControlLaz"/>
      </Item7>
      <Item8>
        <PackageName Value="laz_acs"/>
      </Item8>
      <Item9>
        <PackageName Value="lnetvisual"/>
      </Item9>
      <Item10>
        <PackageName Value="opengpsx"/>
      </Item10>
      <Item11>
        <PackageName Value="bgracontrols"/>
      </Item11>
      <Item12>
        <PackageName Value="cadsys"/>
      </Item12>
      <Item13>
        <PackageName Value="bgragames"/>
      </Item13>
      <Item14>
        <PackageName Value="industrial"/>
      </Item14>
      <Item15>
        <PackageName Value="LCL"/>
      </Item15>
    </RequiredPackages>
    <Units Count="14">
      <Unit0>
        <Filename Value="drone.lpr"/>
        <IsPartOfProject Value="True"/>
      </Unit0>
      <Unit1>
        <Filename Value="main.pas"/>
        <IsPartOfProject Value="True"/>
        <ComponentName Value="frmMain"/>
        <HasResources Value="True"/>
        <ResourceBaseClass Value="Form"/>
      </Unit1>
      <Unit2>
        <Filename Value="config.pas"/>
        <IsPartOfProject Value="True"/>
        <ComponentName Value="frmconfig"/>
        <HasResources Value="True"/>
        <ResourceBaseClass Value="Form"/>
      </Unit2>
      <Unit3>
        <Filename Value="about.pas"/>
        <IsPartOfProject Value="True"/>
        <ComponentName Value="frmAbout"/>
        <HasResources Value="True"/>
        <ResourceBaseClass Value="Form"/>
        <UnitName Value="About"/>
      </Unit3>
      <Unit4>
        <Filename Value="camera.pas"/>
        <IsPartOfProject Value="True"/>
        <ComponentName Value="frmCam"/>
        <HasResources Value="True"/>
        <ResourceBaseClass Value="Form"/>
        <UnitName Value="Camera"/>
      </Unit4>
      <Unit5>
        <Filename Value="map.pas"/>
        <IsPartOfProject Value="True"/>
        <ComponentName Value="frmMap"/>
        <HasResources Value="True"/>
        <ResourceBaseClass Value="Form"/>
      </Unit5>
      <Unit6>
        <Filename Value="joystick.pas"/>
        <IsPartOfProject Value="True"/>
      </Unit6>
      <Unit7>
        <Filename Value="conectioncx10w.pas"/>
        <IsPartOfProject Value="True"/>
        <ComponentName Value="frmConectionCX10W"/>
        <HasResources Value="True"/>
        <ResourceBaseClass Value="Form"/>
        <UnitName Value="ConectionCX10W"/>
      </Unit7>
      <Unit8>
        <Filename Value="funcs.pas"/>
        <IsPartOfProject Value="True"/>
      </Unit8>
      <Unit9>
        <Filename Value="hexlib.pas"/>
        <IsPartOfProject Value="True"/>
      </Unit9>
      <Unit10>
        <Filename Value="gps.pas"/>
        <IsPartOfProject Value="True"/>
        <ComponentName Value="frmGPS"/>
        <HasResources Value="True"/>
        <ResourceBaseClass Value="Form"/>
        <UnitName Value="GPS"/>
      </Unit10>
      <Unit11>
        <Filename Value="objetos.pas"/>
        <IsPartOfProject Value="True"/>
      </Unit11>
      <Unit12>
        <Filename Value="controler.pas"/>
        <IsPartOfProject Value="True"/>
      </Unit12>
      <Unit13>
        <Filename Value="setmain.pas"/>
        <IsPartOfProject Value="True"/>
      </Unit13>
    </Units>
  </ProjectOptions>
  <CompilerOptions>
    <Version Value="11"/>
    <PathDelim Value="\"/>
    <Target>
      <Filename Value="drone"/>
    </Target>
    <SearchPaths>
      <IncludeFiles Value="$(ProjOutDir)"/>
      <UnitOutputDirectory Value="lib\$(TargetCPU)-$(TargetOS)"/>
    </SearchPaths>
    <Linking>
      <Debugging>
        <DebugInfoType Value="dsDwarf3"/>
      </Debugging>
      <Options>
        <Win32>
          <GraphicApplication Value="True"/>
        </Win32>
      </Options>
    </Linking>
  </CompilerOptions>
  <Debugging>
    <Exceptions Count="3">
      <Item1>
        <Name Value="EAbort"/>
      </Item1>
      <Item2>
        <Name Value="ECodetoolError"/>
      </Item2>
      <Item3>
        <Name Value="EFOpenError"/>
      </Item3>
    </Exceptions>
  </Debugging>
</CONFIG>
